
Microsoft Visual Studio Solution File, Format Version 12.00
# Visual Studio Version 16
VisualStudioVersion = 16.0.31911.196
MinimumVisualStudioVersion = 10.0.40219.1
Project("{FAE04EC0-301F-11D3-BF4B-00C04F79EFBC}") = "HotelBookingApi", "HotelBookingApi\HotelBookingApi.csproj", "{E7EDCA30-B862-4CA5-976A-9CB3F49005A7}"
EndProject
Global
	GlobalSection(SolutionConfigurationPlatforms) = preSolution
		Debug|Any CPU = Debug|Any CPU
		Release|Any CPU = Release|Any CPU
	EndGlobalSection
	GlobalSection(ProjectConfigurationPlatforms) = postSolution
		{E7EDCA30-B862-4CA5-976A-9CB3F49005A7}.Debug|Any CPU.ActiveCfg = Debug|Any CPU
		{E7EDCA30-B862-4CA5-976A-9CB3F49005A7}.Debug|Any CPU.Build.0 = Debug|Any CPU
		{E7EDCA30-B862-4CA5-976A-9CB3F49005A7}.Release|Any CPU.ActiveCfg = Release|Any CPU
		{E7EDCA30-B862-4CA5-976A-9CB3F49005A7}.Release|Any CPU.Build.0 = Release|Any CPU
	EndGlobalSection
	GlobalSection(SolutionProperties) = preSolution
		HideSolutionNode = FALSE
	EndGlobalSection
	GlobalSection(ExtensibilityGlobals) = postSolution
		SolutionGuid = {7AF93DB9-872D-4B4C-AF3F-CC84952BC946}
	EndGlobalSection
EndGlobal
